
Microsoft Visual Studio Solution File, Format Version 12.00
# Visual Studio Version 17
VisualStudioVersion = 17.0.31903.59
MinimumVisualStudioVersion = 10.0.40219.1
Project("{FAE04EC0-301F-11D3-BF4B-00C04F79EFBC}") = "BackendApi", "src\BackendApi.csproj", "{155D3B13-DC89-4FAC-9A21-C0EE8EB1EA3C}"
EndProject
Project("{FAE04EC0-301F-11D3-BF4B-00C04F79EFBC}") = "BackendTests", "tests\BackendTests.csproj", "{08E014E0-D8DC-4213-847F-6B07FB5F213A}"
EndProject
Global
	GlobalSection(SolutionConfigurationPlatforms) = preSolution
		Debug|Any CPU = Debug|Any CPU
		Release|Any CPU = Release|Any CPU
	EndGlobalSection
	GlobalSection(SolutionProperties) = preSolution
		HideSolutionNode = FALSE
	EndGlobalSection
	GlobalSection(ProjectConfigurationPlatforms) = postSolution
		{155D3B13-DC89-4FAC-9A21-C0EE8EB1EA3C}.Debug|Any CPU.ActiveCfg = Debug|Any CPU
		{155D3B13-DC89-4FAC-9A21-C0EE8EB1EA3C}.Debug|Any CPU.Build.0 = Debug|Any CPU
		{155D3B13-DC89-4FAC-9A21-C0EE8EB1EA3C}.Release|Any CPU.ActiveCfg = Release|Any CPU
		{155D3B13-DC89-4FAC-9A21-C0EE8EB1EA3C}.Release|Any CPU.Build.0 = Release|Any CPU
		{08E014E0-D8DC-4213-847F-6B07FB5F213A}.Debug|Any CPU.ActiveCfg = Debug|Any CPU
		{08E014E0-D8DC-4213-847F-6B07FB5F213A}.Debug|Any CPU.Build.0 = Debug|Any CPU
		{08E014E0-D8DC-4213-847F-6B07FB5F213A}.Release|Any CPU.ActiveCfg = Release|Any CPU
		{08E014E0-D8DC-4213-847F-6B07FB5F213A}.Release|Any CPU.Build.0 = Release|Any CPU
	EndGlobalSection
EndGlobal
